// !$*UTF8*$!
{
	archiveVersion = 1;
	classes = {
	};
	objectVersion = 55;
	objects = {

/* Begin PBXBuildFile section */
		F400BB132794946C003134A2 /* HiddenNavigationBar.swift in Sources */ = {isa = PBXBuildFile; fileRef = F400BB122794946C003134A2 /* HiddenNavigationBar.swift */; };
		F409C8FC279DF11300DA5F20 /* ASCollectionView in Frameworks */ = {isa = PBXBuildFile; productRef = F409C8FB279DF11300DA5F20 /* ASCollectionView */; };
		F409C8FF279DF21B00DA5F20 /* Realm in Frameworks */ = {isa = PBXBuildFile; productRef = F409C8FE279DF21B00DA5F20 /* Realm */; };
		F409C901279DF21B00DA5F20 /* RealmSwift in Frameworks */ = {isa = PBXBuildFile; productRef = F409C900279DF21B00DA5F20 /* RealmSwift */; };
		F41ED84A279F39B9003B0CFC /* PhotoAlbumViewModel.swift in Sources */ = {isa = PBXBuildFile; fileRef = F41ED849279F39B9003B0CFC /* PhotoAlbumViewModel.swift */; };
		F41ED84C279F3D4F003B0CFC /* PhotoView.swift in Sources */ = {isa = PBXBuildFile; fileRef = F41ED84B279F3D4E003B0CFC /* PhotoView.swift */; };
		F41ED84E279F4487003B0CFC /* GroupsViewModel.swift in Sources */ = {isa = PBXBuildFile; fileRef = F41ED84D279F4487003B0CFC /* GroupsViewModel.swift */; };
		F41ED851279F4D7C003B0CFC /* RealmService.swift in Sources */ = {isa = PBXBuildFile; fileRef = F41ED850279F4D7C003B0CFC /* RealmService.swift */; };
		F41ED853279F4EF4003B0CFC /* RealmGroup.swift in Sources */ = {isa = PBXBuildFile; fileRef = F41ED852279F4EF4003B0CFC /* RealmGroup.swift */; };
		F41ED855279F5937003B0CFC /* DetachableObject.swift in Sources */ = {isa = PBXBuildFile; fileRef = F41ED854279F5937003B0CFC /* DetachableObject.swift */; };
		F43067A5278AEBCF009116C8 /* vkswiftUIApp.swift in Sources */ = {isa = PBXBuildFile; fileRef = F43067A4278AEBCF009116C8 /* vkswiftUIApp.swift */; };
		F43067A7278AEBCF009116C8 /* LoginView.swift in Sources */ = {isa = PBXBuildFile; fileRef = F43067A6278AEBCF009116C8 /* LoginView.swift */; };
		F43067A9278AEBD1009116C8 /* Assets.xcassets in Resources */ = {isa = PBXBuildFile; fileRef = F43067A8278AEBD1009116C8 /* Assets.xcassets */; };
		F43067AC278AEBD1009116C8 /* Preview Assets.xcassets in Resources */ = {isa = PBXBuildFile; fileRef = F43067AB278AEBD1009116C8 /* Preview Assets.xcassets */; };
		F43329A127945C03008D8F8A /* FriendsSectionHeader.swift in Sources */ = {isa = PBXBuildFile; fileRef = F43329A027945C03008D8F8A /* FriendsSectionHeader.swift */; };
		F44E94BB279E04070099C121 /* NetworkService.swift in Sources */ = {isa = PBXBuildFile; fileRef = F44E94BA279E04070099C121 /* NetworkService.swift */; };
		F4865085279DB5640036E97C /* LoginVKView.swift in Sources */ = {isa = PBXBuildFile; fileRef = F4865084279DB5640036E97C /* LoginVKView.swift */; };
		F486508D279DE8A10036E97C /* Kingfisher in Frameworks */ = {isa = PBXBuildFile; productRef = F486508C279DE8A10036E97C /* Kingfisher */; };
		F4865095279DE9170036E97C /* Alamofire in Frameworks */ = {isa = PBXBuildFile; productRef = F4865094279DE9170036E97C /* Alamofire */; };
		F4D48DF2279DFA9A0050B9E1 /* FriendsViewModel.swift in Sources */ = {isa = PBXBuildFile; fileRef = F4D48DF1279DFA9A0050B9E1 /* FriendsViewModel.swift */; };
		F4F16B422790939F00737949 /* FriendsView.swift in Sources */ = {isa = PBXBuildFile; fileRef = F4F16B412790939F00737949 /* FriendsView.swift */; };
		F4F16B462790B46200737949 /* Friend.swift in Sources */ = {isa = PBXBuildFile; fileRef = F4F16B452790B46200737949 /* Friend.swift */; };
		F4F16B482790B49F00737949 /* Photo.swift in Sources */ = {isa = PBXBuildFile; fileRef = F4F16B472790B49F00737949 /* Photo.swift */; };
		F4F16B4A2790C2C400737949 /* FriendCell.swift in Sources */ = {isa = PBXBuildFile; fileRef = F4F16B492790C2C400737949 /* FriendCell.swift */; };
		F4FEFE032791FBA200B4E72B /* CircleShadow.swift in Sources */ = {isa = PBXBuildFile; fileRef = F4FEFE022791FBA200B4E72B /* CircleShadow.swift */; };
		F4FEFE0527920B8100B4E72B /* PhotoAlbumView.swift in Sources */ = {isa = PBXBuildFile; fileRef = F4FEFE0427920B8100B4E72B /* PhotoAlbumView.swift */; };
		F4FEFE0C27932DE700B4E72B /* UserGroupCell.swift in Sources */ = {isa = PBXBuildFile; fileRef = F4FEFE0B27932DE700B4E72B /* UserGroupCell.swift */; };
		F4FEFE0E27932EDF00B4E72B /* UserGroup.swift in Sources */ = {isa = PBXBuildFile; fileRef = F4FEFE0D27932EDF00B4E72B /* UserGroup.swift */; };
		F4FEFE102793381600B4E72B /* RectangleShadow.swift in Sources */ = {isa = PBXBuildFile; fileRef = F4FEFE0F2793381600B4E72B /* RectangleShadow.swift */; };
		F4FEFE1327933F6600B4E72B /* UserGroupNameText.swift in Sources */ = {isa = PBXBuildFile; fileRef = F4FEFE1227933F6600B4E72B /* UserGroupNameText.swift */; };
		F4FEFE152793409400B4E72B /* GroupsView.swift in Sources */ = {isa = PBXBuildFile; fileRef = F4FEFE142793409400B4E72B /* GroupsView.swift */; };
		F4FEFE192793505A00B4E72B /* MainView.swift in Sources */ = {isa = PBXBuildFile; fileRef = F4FEFE182793505A00B4E72B /* MainView.swift */; };
		F4FEFE1C2793581700B4E72B /* NewsfeedView.swift in Sources */ = {isa = PBXBuildFile; fileRef = F4FEFE1B2793581700B4E72B /* NewsfeedView.swift */; };
/* End PBXBuildFile section */

/* Begin PBXFileReference section */
		F400BB122794946C003134A2 /* HiddenNavigationBar.swift */ = {isa = PBXFileReference; lastKnownFileType = sourcecode.swift; path = HiddenNavigationBar.swift; sourceTree = "<group>"; };
		F41ED849279F39B9003B0CFC /* PhotoAlbumViewModel.swift */ = {isa = PBXFileReference; lastKnownFileType = sourcecode.swift; path = PhotoAlbumViewModel.swift; sourceTree = "<group>"; };
		F41ED84B279F3D4E003B0CFC /* PhotoView.swift */ = {isa = PBXFileReference; lastKnownFileType = sourcecode.swift; path = PhotoView.swift; sourceTree = "<group>"; };
		F41ED84D279F4487003B0CFC /* GroupsViewModel.swift */ = {isa = PBXFileReference; lastKnownFileType = sourcecode.swift; path = GroupsViewModel.swift; sourceTree = "<group>"; };
		F41ED850279F4D7C003B0CFC /* RealmService.swift */ = {isa = PBXFileReference; fileEncoding = 4; lastKnownFileType = sourcecode.swift; path = RealmService.swift; sourceTree = "<group>"; };
		F41ED852279F4EF4003B0CFC /* RealmGroup.swift */ = {isa = PBXFileReference; fileEncoding = 4; lastKnownFileType = sourcecode.swift; path = RealmGroup.swift; sourceTree = "<group>"; };
		F41ED854279F5937003B0CFC /* DetachableObject.swift */ = {isa = PBXFileReference; fileEncoding = 4; lastKnownFileType = sourcecode.swift; path = DetachableObject.swift; sourceTree = "<group>"; };
		F43067A1278AEBCF009116C8 /* vkswiftUI.app */ = {isa = PBXFileReference; explicitFileType = wrapper.application; includeInIndex = 0; path = vkswiftUI.app; sourceTree = BUILT_PRODUCTS_DIR; };
		F43067A4278AEBCF009116C8 /* vkswiftUIApp.swift */ = {isa = PBXFileReference; lastKnownFileType = sourcecode.swift; path = vkswiftUIApp.swift; sourceTree = "<group>"; };
		F43067A6278AEBCF009116C8 /* LoginView.swift */ = {isa = PBXFileReference; lastKnownFileType = sourcecode.swift; path = LoginView.swift; sourceTree = "<group>"; };
		F43067A8278AEBD1009116C8 /* Assets.xcassets */ = {isa = PBXFileReference; lastKnownFileType = folder.assetcatalog; path = Assets.xcassets; sourceTree = "<group>"; };
		F43067AB278AEBD1009116C8 /* Preview Assets.xcassets */ = {isa = PBXFileReference; lastKnownFileType = folder.assetcatalog; path = "Preview Assets.xcassets"; sourceTree = "<group>"; };
		F43329A027945C03008D8F8A /* FriendsSectionHeader.swift */ = {isa = PBXFileReference; lastKnownFileType = sourcecode.swift; path = FriendsSectionHeader.swift; sourceTree = "<group>"; };
		F44E94BA279E04070099C121 /* NetworkService.swift */ = {isa = PBXFileReference; lastKnownFileType = sourcecode.swift; path = NetworkService.swift; sourceTree = "<group>"; };
		F4865084279DB5640036E97C /* LoginVKView.swift */ = {isa = PBXFileReference; lastKnownFileType = sourcecode.swift; path = LoginVKView.swift; sourceTree = "<group>"; };
		F4D48DF1279DFA9A0050B9E1 /* FriendsViewModel.swift */ = {isa = PBXFileReference; lastKnownFileType = sourcecode.swift; path = FriendsViewModel.swift; sourceTree = "<group>"; };
		F4F16B412790939F00737949 /* FriendsView.swift */ = {isa = PBXFileReference; lastKnownFileType = sourcecode.swift; path = FriendsView.swift; sourceTree = "<group>"; };
		F4F16B452790B46200737949 /* Friend.swift */ = {isa = PBXFileReference; lastKnownFileType = sourcecode.swift; path = Friend.swift; sourceTree = "<group>"; };
		F4F16B472790B49F00737949 /* Photo.swift */ = {isa = PBXFileReference; lastKnownFileType = sourcecode.swift; path = Photo.swift; sourceTree = "<group>"; };
		F4F16B492790C2C400737949 /* FriendCell.swift */ = {isa = PBXFileReference; lastKnownFileType = sourcecode.swift; path = FriendCell.swift; sourceTree = "<group>"; };
		F4FEFE022791FBA200B4E72B /* CircleShadow.swift */ = {isa = PBXFileReference; lastKnownFileType = sourcecode.swift; path = CircleShadow.swift; sourceTree = "<group>"; };
		F4FEFE0427920B8100B4E72B /* PhotoAlbumView.swift */ = {isa = PBXFileReference; lastKnownFileType = sourcecode.swift; path = PhotoAlbumView.swift; sourceTree = "<group>"; };
		F4FEFE0B27932DE700B4E72B /* UserGroupCell.swift */ = {isa = PBXFileReference; lastKnownFileType = sourcecode.swift; path = UserGroupCell.swift; sourceTree = "<group>"; };
		F4FEFE0D27932EDF00B4E72B /* UserGroup.swift */ = {isa = PBXFileReference; lastKnownFileType = sourcecode.swift; path = UserGroup.swift; sourceTree = "<group>"; };
		F4FEFE0F2793381600B4E72B /* RectangleShadow.swift */ = {isa = PBXFileReference; lastKnownFileType = sourcecode.swift; path = RectangleShadow.swift; sourceTree = "<group>"; };
		F4FEFE1227933F6600B4E72B /* UserGroupNameText.swift */ = {isa = PBXFileReference; lastKnownFileType = sourcecode.swift; path = UserGroupNameText.swift; sourceTree = "<group>"; };
		F4FEFE142793409400B4E72B /* GroupsView.swift */ = {isa = PBXFileReference; lastKnownFileType = sourcecode.swift; path = GroupsView.swift; sourceTree = "<group>"; };
		F4FEFE182793505A00B4E72B /* MainView.swift */ = {isa = PBXFileReference; lastKnownFileType = sourcecode.swift; path = MainView.swift; sourceTree = "<group>"; };
		F4FEFE1B2793581700B4E72B /* NewsfeedView.swift */ = {isa = PBXFileReference; lastKnownFileType = sourcecode.swift; path = NewsfeedView.swift; sourceTree = "<group>"; };
/* End PBXFileReference section */

/* Begin PBXFrameworksBuildPhase section */
		F430679E278AEBCF009116C8 /* Frameworks */ = {
			isa = PBXFrameworksBuildPhase;
			buildActionMask = 2147483647;
			files = (
				F486508D279DE8A10036E97C /* Kingfisher in Frameworks */,
				F409C8FC279DF11300DA5F20 /* ASCollectionView in Frameworks */,
				F409C8FF279DF21B00DA5F20 /* Realm in Frameworks */,
				F409C901279DF21B00DA5F20 /* RealmSwift in Frameworks */,
				F4865095279DE9170036E97C /* Alamofire in Frameworks */,
			);
			runOnlyForDeploymentPostprocessing = 0;
		};
/* End PBXFrameworksBuildPhase section */

/* Begin PBXGroup section */
		F41ED84F279F4D6A003B0CFC /* Realm */ = {
			isa = PBXGroup;
			children = (
				F41ED854279F5937003B0CFC /* DetachableObject.swift */,
				F41ED852279F4EF4003B0CFC /* RealmGroup.swift */,
				F41ED850279F4D7C003B0CFC /* RealmService.swift */,
			);
			path = Realm;
			sourceTree = "<group>";
		};
		F4306798278AEBCF009116C8 = {
			isa = PBXGroup;
			children = (
				F41ED84F279F4D6A003B0CFC /* Realm */,
				F44E94B9279E03E40099C121 /* Network */,
				F43067A3278AEBCF009116C8 /* vkswiftUI */,
				F43067A2278AEBCF009116C8 /* Products */,
			);
			sourceTree = "<group>";
		};
		F43067A2278AEBCF009116C8 /* Products */ = {
			isa = PBXGroup;
			children = (
				F43067A1278AEBCF009116C8 /* vkswiftUI.app */,
			);
			name = Products;
			sourceTree = "<group>";
		};
		F43067A3278AEBCF009116C8 /* vkswiftUI */ = {
			isa = PBXGroup;
			children = (
				F4F16B44279094E200737949 /* UI */,
				F4FEFE182793505A00B4E72B /* MainView.swift */,
				F4D48DF0279DFA6E0050B9E1 /* ViewModels */,
				F4F16B43279094D800737949 /* Models */,
				F43067A8278AEBD1009116C8 /* Assets.xcassets */,
				F43067AA278AEBD1009116C8 /* Preview Content */,
			);
			path = vkswiftUI;
			sourceTree = "<group>";
		};
		F43067AA278AEBD1009116C8 /* Preview Content */ = {
			isa = PBXGroup;
			children = (
				F43067AB278AEBD1009116C8 /* Preview Assets.xcassets */,
			);
			path = "Preview Content";
			sourceTree = "<group>";
		};
		F44E94B9279E03E40099C121 /* Network */ = {
			isa = PBXGroup;
			children = (
				F44E94BA279E04070099C121 /* NetworkService.swift */,
			);
			path = Network;
			sourceTree = "<group>";
		};
		F4D48DF0279DFA6E0050B9E1 /* ViewModels */ = {
			isa = PBXGroup;
			children = (
				F4D48DF1279DFA9A0050B9E1 /* FriendsViewModel.swift */,
				F41ED849279F39B9003B0CFC /* PhotoAlbumViewModel.swift */,
				F41ED84D279F4487003B0CFC /* GroupsViewModel.swift */,
			);
			path = ViewModels;
			sourceTree = "<group>";
		};
		F4F16B43279094D800737949 /* Models */ = {
			isa = PBXGroup;
			children = (
				F4F16B452790B46200737949 /* Friend.swift */,
				F4F16B472790B49F00737949 /* Photo.swift */,
				F4FEFE0D27932EDF00B4E72B /* UserGroup.swift */,
			);
			path = Models;
			sourceTree = "<group>";
		};
		F4F16B44279094E200737949 /* UI */ = {
			isa = PBXGroup;
			children = (
				F4FEFE0727921C1A00B4E72B /* Core */,
				F4FEFE012791FB7900B4E72B /* Custom Modifiers */,
				F4FEFE1127933EF300B4E72B /* Custom Builders */,
				F4FEFE0A27932D5F00B4E72B /* PhotoAlbumView */,
				F4FEFE0827921C4900B4E72B /* LoginView */,
				F4FEFE0627921BDA00B4E72B /* FriendsView */,
				F4FEFE0927932D2A00B4E72B /* GroupsView */,
				F4FEFE1A2793576C00B4E72B /* Newsfeed */,
			);
			path = UI;
			sourceTree = "<group>";
		};
		F4FEFE012791FB7900B4E72B /* Custom Modifiers */ = {
			isa = PBXGroup;
			children = (
				F4FEFE022791FBA200B4E72B /* CircleShadow.swift */,
				F4FEFE0F2793381600B4E72B /* RectangleShadow.swift */,
				F400BB122794946C003134A2 /* HiddenNavigationBar.swift */,
			);
			path = "Custom Modifiers";
			sourceTree = "<group>";
		};
		F4FEFE0627921BDA00B4E72B /* FriendsView */ = {
			isa = PBXGroup;
			children = (
				F4F16B412790939F00737949 /* FriendsView.swift */,
				F4F16B492790C2C400737949 /* FriendCell.swift */,
			);
			path = FriendsView;
			sourceTree = "<group>";
		};
		F4FEFE0727921C1A00B4E72B /* Core */ = {
			isa = PBXGroup;
			children = (
				F43067A4278AEBCF009116C8 /* vkswiftUIApp.swift */,
			);
			path = Core;
			sourceTree = "<group>";
		};
		F4FEFE0827921C4900B4E72B /* LoginView */ = {
			isa = PBXGroup;
			children = (
				F43067A6278AEBCF009116C8 /* LoginView.swift */,
				F4865084279DB5640036E97C /* LoginVKView.swift */,
			);
			path = LoginView;
			sourceTree = "<group>";
		};
		F4FEFE0927932D2A00B4E72B /* GroupsView */ = {
			isa = PBXGroup;
			children = (
				F4FEFE142793409400B4E72B /* GroupsView.swift */,
				F4FEFE0B27932DE700B4E72B /* UserGroupCell.swift */,
			);
			path = GroupsView;
			sourceTree = "<group>";
		};
		F4FEFE0A27932D5F00B4E72B /* PhotoAlbumView */ = {
			isa = PBXGroup;
			children = (
				F4FEFE0427920B8100B4E72B /* PhotoAlbumView.swift */,
				F41ED84B279F3D4E003B0CFC /* PhotoView.swift */,
			);
			path = PhotoAlbumView;
			sourceTree = "<group>";
		};
		F4FEFE1127933EF300B4E72B /* Custom Builders */ = {
			isa = PBXGroup;
			children = (
				F4FEFE1227933F6600B4E72B /* UserGroupNameText.swift */,
				F43329A027945C03008D8F8A /* FriendsSectionHeader.swift */,
			);
			path = "Custom Builders";
			sourceTree = "<group>";
		};
		F4FEFE1A2793576C00B4E72B /* Newsfeed */ = {
			isa = PBXGroup;
			children = (
				F4FEFE1B2793581700B4E72B /* NewsfeedView.swift */,
			);
			path = Newsfeed;
			sourceTree = "<group>";
		};
/* End PBXGroup section */

/* Begin PBXNativeTarget section */
		F43067A0278AEBCF009116C8 /* vkswiftUI */ = {
			isa = PBXNativeTarget;
			buildConfigurationList = F43067AF278AEBD1009116C8 /* Build configuration list for PBXNativeTarget "vkswiftUI" */;
			buildPhases = (
				F430679D278AEBCF009116C8 /* Sources */,
				F430679E278AEBCF009116C8 /* Frameworks */,
				F430679F278AEBCF009116C8 /* Resources */,
			);
			buildRules = (
			);
			dependencies = (
			);
			name = vkswiftUI;
			packageProductDependencies = (
				F486508C279DE8A10036E97C /* Kingfisher */,
				F4865094279DE9170036E97C /* Alamofire */,
				F409C8FB279DF11300DA5F20 /* ASCollectionView */,
				F409C8FE279DF21B00DA5F20 /* Realm */,
				F409C900279DF21B00DA5F20 /* RealmSwift */,
			);
			productName = vkswiftUI;
			productReference = F43067A1278AEBCF009116C8 /* vkswiftUI.app */;
			productType = "com.apple.product-type.application";
		};
/* End PBXNativeTarget section */

/* Begin PBXProject section */
		F4306799278AEBCF009116C8 /* Project object */ = {
			isa = PBXProject;
			attributes = {
				BuildIndependentTargetsInParallel = 1;
				LastSwiftUpdateCheck = 1310;
				LastUpgradeCheck = 1310;
				TargetAttributes = {
					F43067A0278AEBCF009116C8 = {
						CreatedOnToolsVersion = 13.1;
					};
				};
			};
			buildConfigurationList = F430679C278AEBCF009116C8 /* Build configuration list for PBXProject "vkswiftUI" */;
			compatibilityVersion = "Xcode 13.0";
			developmentRegion = en;
			hasScannedForEncodings = 0;
			knownRegions = (
				en,
				Base,
			);
			mainGroup = F4306798278AEBCF009116C8;
			packageReferences = (
				F486508B279DE8A00036E97C /* XCRemoteSwiftPackageReference "Kingfisher" */,
				F4865093279DE9170036E97C /* XCRemoteSwiftPackageReference "Alamofire" */,
				F409C8FA279DF11300DA5F20 /* XCRemoteSwiftPackageReference "ASCollectionView" */,
				F409C8FD279DF21B00DA5F20 /* XCRemoteSwiftPackageReference "realm-swift" */,
			);
			productRefGroup = F43067A2278AEBCF009116C8 /* Products */;
			projectDirPath = "";
			projectRoot = "";
			targets = (
				F43067A0278AEBCF009116C8 /* vkswiftUI */,
			);
		};
/* End PBXProject section */

/* Begin PBXResourcesBuildPhase section */
		F430679F278AEBCF009116C8 /* Resources */ = {
			isa = PBXResourcesBuildPhase;
			buildActionMask = 2147483647;
			files = (
				F43067AC278AEBD1009116C8 /* Preview Assets.xcassets in Resources */,
				F43067A9278AEBD1009116C8 /* Assets.xcassets in Resources */,
			);
			runOnlyForDeploymentPostprocessing = 0;
		};
/* End PBXResourcesBuildPhase section */

/* Begin PBXSourcesBuildPhase section */
		F430679D278AEBCF009116C8 /* Sources */ = {
			isa = PBXSourcesBuildPhase;
			buildActionMask = 2147483647;
			files = (
				F4FEFE0C27932DE700B4E72B /* UserGroupCell.swift in Sources */,
				F4FEFE192793505A00B4E72B /* MainView.swift in Sources */,
				F4FEFE152793409400B4E72B /* GroupsView.swift in Sources */,
				F4F16B422790939F00737949 /* FriendsView.swift in Sources */,
				F4FEFE0527920B8100B4E72B /* PhotoAlbumView.swift in Sources */,
				F41ED84C279F3D4F003B0CFC /* PhotoView.swift in Sources */,
				F43329A127945C03008D8F8A /* FriendsSectionHeader.swift in Sources */,
				F41ED855279F5937003B0CFC /* DetachableObject.swift in Sources */,
				F41ED851279F4D7C003B0CFC /* RealmService.swift in Sources */,
				F41ED84A279F39B9003B0CFC /* PhotoAlbumViewModel.swift in Sources */,
				F400BB132794946C003134A2 /* HiddenNavigationBar.swift in Sources */,
				F4865085279DB5640036E97C /* LoginVKView.swift in Sources */,
				F43067A7278AEBCF009116C8 /* LoginView.swift in Sources */,
				F41ED84E279F4487003B0CFC /* GroupsViewModel.swift in Sources */,
				F4D48DF2279DFA9A0050B9E1 /* FriendsViewModel.swift in Sources */,
				F44E94BB279E04070099C121 /* NetworkService.swift in Sources */,
				F4F16B4A2790C2C400737949 /* FriendCell.swift in Sources */,
				F43067A5278AEBCF009116C8 /* vkswiftUIApp.swift in Sources */,
				F41ED853279F4EF4003B0CFC /* RealmGroup.swift in Sources */,
				F4FEFE0E27932EDF00B4E72B /* UserGroup.swift in Sources */,
				F4FEFE1327933F6600B4E72B /* UserGroupNameText.swift in Sources */,
				F4F16B462790B46200737949 /* Friend.swift in Sources */,
				F4F16B482790B49F00737949 /* Photo.swift in Sources */,
				F4FEFE032791FBA200B4E72B /* CircleShadow.swift in Sources */,
				F4FEFE102793381600B4E72B /* RectangleShadow.swift in Sources */,
				F4FEFE1C2793581700B4E72B /* NewsfeedView.swift in Sources */,
			);
			runOnlyForDeploymentPostprocessing = 0;
		};
/* End PBXSourcesBuildPhase section */

/* Begin XCBuildConfiguration section */
		F43067AD278AEBD1009116C8 /* Debug */ = {
			isa = XCBuildConfiguration;
			buildSettings = {
				ALWAYS_SEARCH_USER_PATHS = NO;
				CLANG_ANALYZER_NONNULL = YES;
				CLANG_ANALYZER_NUMBER_OBJECT_CONVERSION = YES_AGGRESSIVE;
				CLANG_CXX_LANGUAGE_STANDARD = "gnu++17";
				CLANG_CXX_LIBRARY = "libc++";
				CLANG_ENABLE_MODULES = YES;
				CLANG_ENABLE_OBJC_ARC = YES;
				CLANG_ENABLE_OBJC_WEAK = YES;
				CLANG_WARN_BLOCK_CAPTURE_AUTORELEASING = YES;
				CLANG_WARN_BOOL_CONVERSION = YES;
				CLANG_WARN_COMMA = YES;
				CLANG_WARN_CONSTANT_CONVERSION = YES;
				CLANG_WARN_DEPRECATED_OBJC_IMPLEMENTATIONS = YES;
				CLANG_WARN_DIRECT_OBJC_ISA_USAGE = YES_ERROR;
				CLANG_WARN_DOCUMENTATION_COMMENTS = YES;
				CLANG_WARN_EMPTY_BODY = YES;
				CLANG_WARN_ENUM_CONVERSION = YES;
				CLANG_WARN_INFINITE_RECURSION = YES;
				CLANG_WARN_INT_CONVERSION = YES;
				CLANG_WARN_NON_LITERAL_NULL_CONVERSION = YES;
				CLANG_WARN_OBJC_IMPLICIT_RETAIN_SELF = YES;
				CLANG_WARN_OBJC_LITERAL_CONVERSION = YES;
				CLANG_WARN_OBJC_ROOT_CLASS = YES_ERROR;
				CLANG_WARN_QUOTED_INCLUDE_IN_FRAMEWORK_HEADER = YES;
				CLANG_WARN_RANGE_LOOP_ANALYSIS = YES;
				CLANG_WARN_STRICT_PROTOTYPES = YES;
				CLANG_WARN_SUSPICIOUS_MOVE = YES;
				CLANG_WARN_UNGUARDED_AVAILABILITY = YES_AGGRESSIVE;
				CLANG_WARN_UNREACHABLE_CODE = YES;
				CLANG_WARN__DUPLICATE_METHOD_MATCH = YES;
				COPY_PHASE_STRIP = NO;
				DEBUG_INFORMATION_FORMAT = dwarf;
				ENABLE_STRICT_OBJC_MSGSEND = YES;
				ENABLE_TESTABILITY = YES;
				GCC_C_LANGUAGE_STANDARD = gnu11;
				GCC_DYNAMIC_NO_PIC = NO;
				GCC_NO_COMMON_BLOCKS = YES;
				GCC_OPTIMIZATION_LEVEL = 0;
				GCC_PREPROCESSOR_DEFINITIONS = (
					"DEBUG=1",
					"$(inherited)",
				);
				GCC_WARN_64_TO_32_BIT_CONVERSION = YES;
				GCC_WARN_ABOUT_RETURN_TYPE = YES_ERROR;
				GCC_WARN_UNDECLARED_SELECTOR = YES;
				GCC_WARN_UNINITIALIZED_AUTOS = YES_AGGRESSIVE;
				GCC_WARN_UNUSED_FUNCTION = YES;
				GCC_WARN_UNUSED_VARIABLE = YES;
				IPHONEOS_DEPLOYMENT_TARGET = 15.0;
				MTL_ENABLE_DEBUG_INFO = INCLUDE_SOURCE;
				MTL_FAST_MATH = YES;
				ONLY_ACTIVE_ARCH = YES;
				SDKROOT = iphoneos;
				SWIFT_ACTIVE_COMPILATION_CONDITIONS = DEBUG;
				SWIFT_OPTIMIZATION_LEVEL = "-Onone";
			};
			name = Debug;
		};
		F43067AE278AEBD1009116C8 /* Release */ = {
			isa = XCBuildConfiguration;
			buildSettings = {
				ALWAYS_SEARCH_USER_PATHS = NO;
				CLANG_ANALYZER_NONNULL = YES;
				CLANG_ANALYZER_NUMBER_OBJECT_CONVERSION = YES_AGGRESSIVE;
				CLANG_CXX_LANGUAGE_STANDARD = "gnu++17";
				CLANG_CXX_LIBRARY = "libc++";
				CLANG_ENABLE_MODULES = YES;
				CLANG_ENABLE_OBJC_ARC = YES;
				CLANG_ENABLE_OBJC_WEAK = YES;
				CLANG_WARN_BLOCK_CAPTURE_AUTORELEASING = YES;
				CLANG_WARN_BOOL_CONVERSION = YES;
				CLANG_WARN_COMMA = YES;
				CLANG_WARN_CONSTANT_CONVERSION = YES;
				CLANG_WARN_DEPRECATED_OBJC_IMPLEMENTATIONS = YES;
				CLANG_WARN_DIRECT_OBJC_ISA_USAGE = YES_ERROR;
				CLANG_WARN_DOCUMENTATION_COMMENTS = YES;
				CLANG_WARN_EMPTY_BODY = YES;
				CLANG_WARN_ENUM_CONVERSION = YES;
				CLANG_WARN_INFINITE_RECURSION = YES;
				CLANG_WARN_INT_CONVERSION = YES;
				CLANG_WARN_NON_LITERAL_NULL_CONVERSION = YES;
				CLANG_WARN_OBJC_IMPLICIT_RETAIN_SELF = YES;
				CLANG_WARN_OBJC_LITERAL_CONVERSION = YES;
				CLANG_WARN_OBJC_ROOT_CLASS = YES_ERROR;
				CLANG_WARN_QUOTED_INCLUDE_IN_FRAMEWORK_HEADER = YES;
				CLANG_WARN_RANGE_LOOP_ANALYSIS = YES;
				CLANG_WARN_STRICT_PROTOTYPES = YES;
				CLANG_WARN_SUSPICIOUS_MOVE = YES;
				CLANG_WARN_UNGUARDED_AVAILABILITY = YES_AGGRESSIVE;
				CLANG_WARN_UNREACHABLE_CODE = YES;
				CLANG_WARN__DUPLICATE_METHOD_MATCH = YES;
				COPY_PHASE_STRIP = NO;
				DEBUG_INFORMATION_FORMAT = "dwarf-with-dsym";
				ENABLE_NS_ASSERTIONS = NO;
				ENABLE_STRICT_OBJC_MSGSEND = YES;
				GCC_C_LANGUAGE_STANDARD = gnu11;
				GCC_NO_COMMON_BLOCKS = YES;
				GCC_WARN_64_TO_32_BIT_CONVERSION = YES;
				GCC_WARN_ABOUT_RETURN_TYPE = YES_ERROR;
				GCC_WARN_UNDECLARED_SELECTOR = YES;
				GCC_WARN_UNINITIALIZED_AUTOS = YES_AGGRESSIVE;
				GCC_WARN_UNUSED_FUNCTION = YES;
				GCC_WARN_UNUSED_VARIABLE = YES;
				IPHONEOS_DEPLOYMENT_TARGET = 15.0;
				MTL_ENABLE_DEBUG_INFO = NO;
				MTL_FAST_MATH = YES;
				SDKROOT = iphoneos;
				SWIFT_COMPILATION_MODE = wholemodule;
				SWIFT_OPTIMIZATION_LEVEL = "-O";
				VALIDATE_PRODUCT = YES;
			};
			name = Release;
		};
		F43067B0278AEBD1009116C8 /* Debug */ = {
			isa = XCBuildConfiguration;
			buildSettings = {
				ASSETCATALOG_COMPILER_APPICON_NAME = AppIcon;
				ASSETCATALOG_COMPILER_GLOBAL_ACCENT_COLOR_NAME = AccentColor;
				CODE_SIGN_STYLE = Automatic;
				CURRENT_PROJECT_VERSION = 1;
				DEVELOPMENT_ASSET_PATHS = "\"vkswiftUI/Preview Content\"";
				ENABLE_PREVIEWS = YES;
				GENERATE_INFOPLIST_FILE = YES;
				INFOPLIST_KEY_UIApplicationSceneManifest_Generation = YES;
				INFOPLIST_KEY_UIApplicationSupportsIndirectInputEvents = YES;
				INFOPLIST_KEY_UILaunchScreen_Generation = YES;
				INFOPLIST_KEY_UISupportedInterfaceOrientations_iPad = "UIInterfaceOrientationPortrait UIInterfaceOrientationPortraitUpsideDown UIInterfaceOrientationLandscapeLeft UIInterfaceOrientationLandscapeRight";
				INFOPLIST_KEY_UISupportedInterfaceOrientations_iPhone = "UIInterfaceOrientationPortrait UIInterfaceOrientationLandscapeLeft UIInterfaceOrientationLandscapeRight";
				LD_RUNPATH_SEARCH_PATHS = (
					"$(inherited)",
					"@executable_path/Frameworks",
				);
				MARKETING_VERSION = 1.0;
				PRODUCT_BUNDLE_IDENTIFIER = exit551.vkswiftUI;
				PRODUCT_NAME = "$(TARGET_NAME)";
				SWIFT_EMIT_LOC_STRINGS = YES;
				SWIFT_VERSION = 5.0;
				TARGETED_DEVICE_FAMILY = "1,2";
			};
			name = Debug;
		};
		F43067B1278AEBD1009116C8 /* Release */ = {
			isa = XCBuildConfiguration;
			buildSettings = {
				ASSETCATALOG_COMPILER_APPICON_NAME = AppIcon;
				ASSETCATALOG_COMPILER_GLOBAL_ACCENT_COLOR_NAME = AccentColor;
				CODE_SIGN_STYLE = Automatic;
				CURRENT_PROJECT_VERSION = 1;
				DEVELOPMENT_ASSET_PATHS = "\"vkswiftUI/Preview Content\"";
				ENABLE_PREVIEWS = YES;
				GENERATE_INFOPLIST_FILE = YES;
				INFOPLIST_KEY_UIApplicationSceneManifest_Generation = YES;
				INFOPLIST_KEY_UIApplicationSupportsIndirectInputEvents = YES;
				INFOPLIST_KEY_UILaunchScreen_Generation = YES;
				INFOPLIST_KEY_UISupportedInterfaceOrientations_iPad = "UIInterfaceOrientationPortrait UIInterfaceOrientationPortraitUpsideDown UIInterfaceOrientationLandscapeLeft UIInterfaceOrientationLandscapeRight";
				INFOPLIST_KEY_UISupportedInterfaceOrientations_iPhone = "UIInterfaceOrientationPortrait UIInterfaceOrientationLandscapeLeft UIInterfaceOrientationLandscapeRight";
				LD_RUNPATH_SEARCH_PATHS = (
					"$(inherited)",
					"@executable_path/Frameworks",
				);
				MARKETING_VERSION = 1.0;
				PRODUCT_BUNDLE_IDENTIFIER = exit551.vkswiftUI;
				PRODUCT_NAME = "$(TARGET_NAME)";
				SWIFT_EMIT_LOC_STRINGS = YES;
				SWIFT_VERSION = 5.0;
				TARGETED_DEVICE_FAMILY = "1,2";
			};
			name = Release;
		};
/* End XCBuildConfiguration section */

/* Begin XCConfigurationList section */
		F430679C278AEBCF009116C8 /* Build configuration list for PBXProject "vkswiftUI" */ = {
			isa = XCConfigurationList;
			buildConfigurations = (
				F43067AD278AEBD1009116C8 /* Debug */,
				F43067AE278AEBD1009116C8 /* Release */,
			);
			defaultConfigurationIsVisible = 0;
			defaultConfigurationName = Release;
		};
		F43067AF278AEBD1009116C8 /* Build configuration list for PBXNativeTarget "vkswiftUI" */ = {
			isa = XCConfigurationList;
			buildConfigurations = (
				F43067B0278AEBD1009116C8 /* Debug */,
				F43067B1278AEBD1009116C8 /* Release */,
			);
			defaultConfigurationIsVisible = 0;
			defaultConfigurationName = Release;
		};
/* End XCConfigurationList section */

/* Begin XCRemoteSwiftPackageReference section */
		F409C8FA279DF11300DA5F20 /* XCRemoteSwiftPackageReference "ASCollectionView" */ = {
			isa = XCRemoteSwiftPackageReference;
			repositoryURL = "https://github.com/apptekstudios/ASCollectionView";
			requirement = {
				kind = upToNextMajorVersion;
				minimumVersion = 2.1.1;
			};
		};
		F409C8FD279DF21B00DA5F20 /* XCRemoteSwiftPackageReference "realm-swift" */ = {
			isa = XCRemoteSwiftPackageReference;
			repositoryURL = "https://github.com/realm/realm-swift.git";
			requirement = {
				kind = upToNextMajorVersion;
				minimumVersion = 10.21.1;
			};
		};
		F486508B279DE8A00036E97C /* XCRemoteSwiftPackageReference "Kingfisher" */ = {
			isa = XCRemoteSwiftPackageReference;
			repositoryURL = "https://github.com/onevcat/Kingfisher.git";
			requirement = {
				kind = upToNextMajorVersion;
				minimumVersion = 7.0.0;
			};
		};
		F4865093279DE9170036E97C /* XCRemoteSwiftPackageReference "Alamofire" */ = {
			isa = XCRemoteSwiftPackageReference;
			repositoryURL = "https://github.com/Alamofire/Alamofire.git";
			requirement = {
				kind = upToNextMajorVersion;
				minimumVersion = 5.0.0;
			};
		};
/* End XCRemoteSwiftPackageReference section */

/* Begin XCSwiftPackageProductDependency section */
		F409C8FB279DF11300DA5F20 /* ASCollectionView */ = {
			isa = XCSwiftPackageProductDependency;
			package = F409C8FA279DF11300DA5F20 /* XCRemoteSwiftPackageReference "ASCollectionView" */;
			productName = ASCollectionView;
		};
		F409C8FE279DF21B00DA5F20 /* Realm */ = {
			isa = XCSwiftPackageProductDependency;
			package = F409C8FD279DF21B00DA5F20 /* XCRemoteSwiftPackageReference "realm-swift" */;
			productName = Realm;
		};
		F409C900279DF21B00DA5F20 /* RealmSwift */ = {
			isa = XCSwiftPackageProductDependency;
			package = F409C8FD279DF21B00DA5F20 /* XCRemoteSwiftPackageReference "realm-swift" */;
			productName = RealmSwift;
		};
		F486508C279DE8A10036E97C /* Kingfisher */ = {
			isa = XCSwiftPackageProductDependency;
			package = F486508B279DE8A00036E97C /* XCRemoteSwiftPackageReference "Kingfisher" */;
			productName = Kingfisher;
		};
		F4865094279DE9170036E97C /* Alamofire */ = {
			isa = XCSwiftPackageProductDependency;
			package = F4865093279DE9170036E97C /* XCRemoteSwiftPackageReference "Alamofire" */;
			productName = Alamofire;
		};
/* End XCSwiftPackageProductDependency section */
	};
	rootObject = F4306799278AEBCF009116C8 /* Project object */;
}
